
Microsoft Visual Studio Solution File, Format Version 12.00
# Visual Studio 15
VisualStudioVersion = 15.0.28010.2046
MinimumVisualStudioVersion = 10.0.40219.1
Project("{FAE04EC0-301F-11D3-BF4B-00C04F79EFBC}") = "OnBoardingTaskReact", "OnBoardingTaskReact\OnBoardingTaskReact.csproj", "{EE44EC30-9406-4882-B949-232069294017}"
EndProject
Global
	GlobalSection(SolutionConfigurationPlatforms) = preSolution
		Debug|Any CPU = Debug|Any CPU
		Release|Any CPU = Release|Any CPU
	EndGlobalSection
	GlobalSection(ProjectConfigurationPlatforms) = postSolution
		{EE44EC30-9406-4882-B949-232069294017}.Debug|Any CPU.ActiveCfg = Debug|Any CPU
		{EE44EC30-9406-4882-B949-232069294017}.Debug|Any CPU.Build.0 = Debug|Any CPU
		{EE44EC30-9406-4882-B949-232069294017}.Release|Any CPU.ActiveCfg = Release|Any CPU
		{EE44EC30-9406-4882-B949-232069294017}.Release|Any CPU.Build.0 = Release|Any CPU
	EndGlobalSection
	GlobalSection(SolutionProperties) = preSolution
		HideSolutionNode = FALSE
	EndGlobalSection
	GlobalSection(ExtensibilityGlobals) = postSolution
		SolutionGuid = {960A202B-C260-4DF6-AA95-528DF437CCB2}
	EndGlobalSection
EndGlobal
